
Microsoft Visual Studio Solution File, Format Version 12.00
# Visual Studio Version 16
VisualStudioVersion = 16.0.30128.74
MinimumVisualStudioVersion = 10.0.40219.1
Project("{FAE04EC0-301F-11D3-BF4B-00C04F79EFBC}") = "productmanagement", "productmanagement\productmanagement.csproj", "{84DB1FA8-032B-49AB-B076-C076B24964FB}"
EndProject
Global
	GlobalSection(SolutionConfigurationPlatforms) = preSolution
		Debug|Any CPU = Debug|Any CPU
		Release|Any CPU = Release|Any CPU
	EndGlobalSection
	GlobalSection(ProjectConfigurationPlatforms) = postSolution
		{84DB1FA8-032B-49AB-B076-C076B24964FB}.Debug|Any CPU.ActiveCfg = Debug|Any CPU
		{84DB1FA8-032B-49AB-B076-C076B24964FB}.Debug|Any CPU.Build.0 = Debug|Any CPU
		{84DB1FA8-032B-49AB-B076-C076B24964FB}.Release|Any CPU.ActiveCfg = Release|Any CPU
		{84DB1FA8-032B-49AB-B076-C076B24964FB}.Release|Any CPU.Build.0 = Release|Any CPU
	EndGlobalSection
	GlobalSection(SolutionProperties) = preSolution
		HideSolutionNode = FALSE
	EndGlobalSection
	GlobalSection(ExtensibilityGlobals) = postSolution
		SolutionGuid = {B1718399-FAC2-48E3-9E90-5236AAC654F8}
	EndGlobalSection
EndGlobal
